
Microsoft Visual Studio Solution File, Format Version 12.00
# Visual Studio Version 17
VisualStudioVersion = 17.4.33205.214
MinimumVisualStudioVersion = 10.0.40219.1
Project("{FAE04EC0-301F-11D3-BF4B-00C04F79EFBC}") = "lab12", "lab12\lab12.csproj", "{3BF1440C-23D5-4162-AF60-DDCB7775F7F0}"
EndProject
Global
	GlobalSection(SolutionConfigurationPlatforms) = preSolution
		Debug|Any CPU = Debug|Any CPU
		Release|Any CPU = Release|Any CPU
	EndGlobalSection
	GlobalSection(ProjectConfigurationPlatforms) = postSolution
		{3BF1440C-23D5-4162-AF60-DDCB7775F7F0}.Debug|Any CPU.ActiveCfg = Debug|Any CPU
		{3BF1440C-23D5-4162-AF60-DDCB7775F7F0}.Debug|Any CPU.Build.0 = Debug|Any CPU
		{3BF1440C-23D5-4162-AF60-DDCB7775F7F0}.Release|Any CPU.ActiveCfg = Release|Any CPU
		{3BF1440C-23D5-4162-AF60-DDCB7775F7F0}.Release|Any CPU.Build.0 = Release|Any CPU
	EndGlobalSection
	GlobalSection(SolutionProperties) = preSolution
		HideSolutionNode = FALSE
	EndGlobalSection
	GlobalSection(ExtensibilityGlobals) = postSolution
		SolutionGuid = {B52885AE-2D9F-44ED-8904-63DA8BCF0F50}
	EndGlobalSection
EndGlobal
